
Microsoft Visual Studio Solution File, Format Version 12.00
# Visual Studio Version 16
VisualStudioVersion = 16.0.30621.155
MinimumVisualStudioVersion = 10.0.40219.1
Project("{FAE04EC0-301F-11D3-BF4B-00C04F79EFBC}") = "alperen_alp", "alperen_alp\alperen_alp.csproj", "{7A17A533-5747-4FEB-8A78-6BE124232249}"
EndProject
Global
	GlobalSection(SolutionConfigurationPlatforms) = preSolution
		Debug|Any CPU = Debug|Any CPU
		Release|Any CPU = Release|Any CPU
	EndGlobalSection
	GlobalSection(ProjectConfigurationPlatforms) = postSolution
		{7A17A533-5747-4FEB-8A78-6BE124232249}.Debug|Any CPU.ActiveCfg = Debug|Any CPU
		{7A17A533-5747-4FEB-8A78-6BE124232249}.Debug|Any CPU.Build.0 = Debug|Any CPU
		{7A17A533-5747-4FEB-8A78-6BE124232249}.Release|Any CPU.ActiveCfg = Release|Any CPU
		{7A17A533-5747-4FEB-8A78-6BE124232249}.Release|Any CPU.Build.0 = Release|Any CPU
	EndGlobalSection
	GlobalSection(SolutionProperties) = preSolution
		HideSolutionNode = FALSE
	EndGlobalSection
	GlobalSection(ExtensibilityGlobals) = postSolution
		SolutionGuid = {FAF55B3F-E07A-4D5C-B32E-E86ED5FFA7F0}
	EndGlobalSection
EndGlobal
